
Microsoft Visual Studio Solution File, Format Version 12.00
# Visual Studio Version 16
VisualStudioVersion = 16.0.28917.182
MinimumVisualStudioVersion = 10.0.40219.1
Project("{FAE04EC0-301F-11D3-BF4B-00C04F79EFBC}") = "SpyAgency2019", "SpyAgency2019.csproj", "{D6E1E737-3B15-445B-8DB8-D0D78541EBBE}"
EndProject
Global
	GlobalSection(SolutionConfigurationPlatforms) = preSolution
		Debug|Any CPU = Debug|Any CPU
		Release|Any CPU = Release|Any CPU
	EndGlobalSection
	GlobalSection(ProjectConfigurationPlatforms) = postSolution
		{D6E1E737-3B15-445B-8DB8-D0D78541EBBE}.Debug|Any CPU.ActiveCfg = Debug|Any CPU
		{D6E1E737-3B15-445B-8DB8-D0D78541EBBE}.Debug|Any CPU.Build.0 = Debug|Any CPU
		{D6E1E737-3B15-445B-8DB8-D0D78541EBBE}.Release|Any CPU.ActiveCfg = Release|Any CPU
		{D6E1E737-3B15-445B-8DB8-D0D78541EBBE}.Release|Any CPU.Build.0 = Release|Any CPU
	EndGlobalSection
	GlobalSection(SolutionProperties) = preSolution
		HideSolutionNode = FALSE
	EndGlobalSection
	GlobalSection(ExtensibilityGlobals) = postSolution
		SolutionGuid = {A579DD2E-BA85-416E-955B-528BC4C15B06}
	EndGlobalSection
EndGlobal
